
Microsoft Visual Studio Solution File, Format Version 12.00
# Visual Studio Version 17
VisualStudioVersion = 17.0.32112.339
MinimumVisualStudioVersion = 10.0.40219.1
Project("{FAE04EC0-301F-11D3-BF4B-00C04F79EFBC}") = "LightAndDark", "LightAndDark\LightAndDark.csproj", "{4B54A6B2-1D76-4996-BD14-4842BFF16858}"
EndProject
Global
	GlobalSection(SolutionConfigurationPlatforms) = preSolution
		Debug|Any CPU = Debug|Any CPU
		Release|Any CPU = Release|Any CPU
	EndGlobalSection
	GlobalSection(ProjectConfigurationPlatforms) = postSolution
		{4B54A6B2-1D76-4996-BD14-4842BFF16858}.Debug|Any CPU.ActiveCfg = Debug|Any CPU
		{4B54A6B2-1D76-4996-BD14-4842BFF16858}.Debug|Any CPU.Build.0 = Debug|Any CPU
		{4B54A6B2-1D76-4996-BD14-4842BFF16858}.Release|Any CPU.ActiveCfg = Release|Any CPU
		{4B54A6B2-1D76-4996-BD14-4842BFF16858}.Release|Any CPU.Build.0 = Release|Any CPU
	EndGlobalSection
	GlobalSection(SolutionProperties) = preSolution
		HideSolutionNode = FALSE
	EndGlobalSection
	GlobalSection(ExtensibilityGlobals) = postSolution
		SolutionGuid = {CD355A09-2E88-4F69-92FC-3CB1185B683C}
	EndGlobalSection
EndGlobal
